
Microsoft Visual Studio Solution File, Format Version 12.00
# Visual Studio Version 17
VisualStudioVersion = 17.4.33122.133
MinimumVisualStudioVersion = 10.0.40219.1
Project("{FAE04EC0-301F-11D3-BF4B-00C04F79EFBC}") = "Domain", "Domain\Domain.csproj", "{1E10E9BD-6EC4-438A-8291-4FAEEEFB664B}"
EndProject
Project("{FAE04EC0-301F-11D3-BF4B-00C04F79EFBC}") = "Infrastructure", "Infrastructure\Infrastructure.csproj", "{4095DB62-AEA7-4BB3-B59E-C4FB69BA1C63}"
EndProject
Project("{FAE04EC0-301F-11D3-BF4B-00C04F79EFBC}") = "Aplication", "Aplication\Aplication.csproj", "{070D6845-C36B-4BE7-8F85-75F6BB6508B8}"
EndProject
Project("{FAE04EC0-301F-11D3-BF4B-00C04F79EFBC}") = "Site", "Site\Site.csproj", "{1A5D8717-2DF7-4020-B815-C26371716896}"
EndProject
Global
	GlobalSection(SolutionConfigurationPlatforms) = preSolution
		Debug|Any CPU = Debug|Any CPU
		Release|Any CPU = Release|Any CPU
	EndGlobalSection
	GlobalSection(ProjectConfigurationPlatforms) = postSolution
		{1E10E9BD-6EC4-438A-8291-4FAEEEFB664B}.Debug|Any CPU.ActiveCfg = Debug|Any CPU
		{1E10E9BD-6EC4-438A-8291-4FAEEEFB664B}.Debug|Any CPU.Build.0 = Debug|Any CPU
		{1E10E9BD-6EC4-438A-8291-4FAEEEFB664B}.Release|Any CPU.ActiveCfg = Release|Any CPU
		{1E10E9BD-6EC4-438A-8291-4FAEEEFB664B}.Release|Any CPU.Build.0 = Release|Any CPU
		{4095DB62-AEA7-4BB3-B59E-C4FB69BA1C63}.Debug|Any CPU.ActiveCfg = Debug|Any CPU
		{4095DB62-AEA7-4BB3-B59E-C4FB69BA1C63}.Debug|Any CPU.Build.0 = Debug|Any CPU
		{4095DB62-AEA7-4BB3-B59E-C4FB69BA1C63}.Release|Any CPU.ActiveCfg = Release|Any CPU
		{4095DB62-AEA7-4BB3-B59E-C4FB69BA1C63}.Release|Any CPU.Build.0 = Release|Any CPU
		{070D6845-C36B-4BE7-8F85-75F6BB6508B8}.Debug|Any CPU.ActiveCfg = Debug|Any CPU
		{070D6845-C36B-4BE7-8F85-75F6BB6508B8}.Debug|Any CPU.Build.0 = Debug|Any CPU
		{070D6845-C36B-4BE7-8F85-75F6BB6508B8}.Release|Any CPU.ActiveCfg = Release|Any CPU
		{070D6845-C36B-4BE7-8F85-75F6BB6508B8}.Release|Any CPU.Build.0 = Release|Any CPU
		{1A5D8717-2DF7-4020-B815-C26371716896}.Debug|Any CPU.ActiveCfg = Debug|Any CPU
		{1A5D8717-2DF7-4020-B815-C26371716896}.Debug|Any CPU.Build.0 = Debug|Any CPU
		{1A5D8717-2DF7-4020-B815-C26371716896}.Release|Any CPU.ActiveCfg = Release|Any CPU
		{1A5D8717-2DF7-4020-B815-C26371716896}.Release|Any CPU.Build.0 = Release|Any CPU
	EndGlobalSection
	GlobalSection(SolutionProperties) = preSolution
		HideSolutionNode = FALSE
	EndGlobalSection
	GlobalSection(ExtensibilityGlobals) = postSolution
		SolutionGuid = {76640E24-898A-48DB-9280-DBE66CE429A3}
	EndGlobalSection
EndGlobal
